
Microsoft Visual Studio Solution File, Format Version 12.00
# Visual Studio 15
VisualStudioVersion = 15.0.28307.1267
MinimumVisualStudioVersion = 10.0.40219.1
Project("{00D1A9C2-B5F0-4AF3-8072-F6C62B433612}") = "BankingDatabase", "BankingDatabase.sqlproj", "{73214C46-B10B-4289-9A64-55A640FDB1B8}"
EndProject
Project("{FAE04EC0-301F-11D3-BF4B-00C04F79EFBC}") = "TinyBankingAPI", "..\TinyBankingAPI\TinyBankingAPI.csproj", "{2FC1E0E1-7D5F-4B35-840E-1F8E5E3FD7BC}"
EndProject
Project("{FAE04EC0-301F-11D3-BF4B-00C04F79EFBC}") = "TinyBankDataAccess", "..\TinyBankDataAccess\TinyBankDataAccess.csproj", "{78D3652C-DC94-4120-B820-EB64022CBF4D}"
EndProject
Global
	GlobalSection(SolutionConfigurationPlatforms) = preSolution
		Debug|Any CPU = Debug|Any CPU
		Release|Any CPU = Release|Any CPU
	EndGlobalSection
	GlobalSection(ProjectConfigurationPlatforms) = postSolution
		{73214C46-B10B-4289-9A64-55A640FDB1B8}.Debug|Any CPU.ActiveCfg = Debug|Any CPU
		{73214C46-B10B-4289-9A64-55A640FDB1B8}.Debug|Any CPU.Build.0 = Debug|Any CPU
		{73214C46-B10B-4289-9A64-55A640FDB1B8}.Debug|Any CPU.Deploy.0 = Debug|Any CPU
		{73214C46-B10B-4289-9A64-55A640FDB1B8}.Release|Any CPU.ActiveCfg = Release|Any CPU
		{73214C46-B10B-4289-9A64-55A640FDB1B8}.Release|Any CPU.Build.0 = Release|Any CPU
		{73214C46-B10B-4289-9A64-55A640FDB1B8}.Release|Any CPU.Deploy.0 = Release|Any CPU
		{2FC1E0E1-7D5F-4B35-840E-1F8E5E3FD7BC}.Debug|Any CPU.ActiveCfg = Debug|Any CPU
		{2FC1E0E1-7D5F-4B35-840E-1F8E5E3FD7BC}.Debug|Any CPU.Build.0 = Debug|Any CPU
		{2FC1E0E1-7D5F-4B35-840E-1F8E5E3FD7BC}.Release|Any CPU.ActiveCfg = Release|Any CPU
		{2FC1E0E1-7D5F-4B35-840E-1F8E5E3FD7BC}.Release|Any CPU.Build.0 = Release|Any CPU
		{78D3652C-DC94-4120-B820-EB64022CBF4D}.Debug|Any CPU.ActiveCfg = Debug|Any CPU
		{78D3652C-DC94-4120-B820-EB64022CBF4D}.Debug|Any CPU.Build.0 = Debug|Any CPU
		{78D3652C-DC94-4120-B820-EB64022CBF4D}.Release|Any CPU.ActiveCfg = Release|Any CPU
		{78D3652C-DC94-4120-B820-EB64022CBF4D}.Release|Any CPU.Build.0 = Release|Any CPU
	EndGlobalSection
	GlobalSection(SolutionProperties) = preSolution
		HideSolutionNode = FALSE
	EndGlobalSection
	GlobalSection(ExtensibilityGlobals) = postSolution
		SolutionGuid = {565DEA6F-0814-4075-AB51-B3D2C4D1618D}
	EndGlobalSection
EndGlobal
